type: glance
title: Toker Lock                         
color_type: label-card
style: |
  ha-card {
    padding: 0px !important;
    margin-right: 15px;
    margin-left: 15px;
    box-shadow: 0px 0px 10px 0px rgba(0,0,0,0.4) !important;
    background: rgb(0,0,0,0.4) !important;
    color: rgb(255,255,255) !important;
  }
  .card-header {
    font-size: 16px;
  }
entities:
  - type: entity-button
    entity: lock.glue_lock
    name: Glue Unlock
    icon: mdi:lock
    color_type: icon
    show_state: false
    show_name: false
    tap_action:
      action: call-service
      service: lock.lock
      service_data:
        entity_id: lock.glue_lock