type: "custom:button-card"
name: Lås upp
entity: lock.dorren
size: 30px
styles:
  !include styles.yaml
tap_action:
  action: call-service
  haptic: heavy
  service: lock.unlock
  service_data:
    entity_id: lock.dorren
state:
  - value: "locked"
    color: green
  - value: "unlocked"
    color: red
