type: "custom:button-card"
name: Lås
entity: lock.glue
size: 30px
styles:
  !include styles.yaml
tap_action:
  #action: call-service
  action: toggle
  haptic: heavy
  #service: lock.lock
  #service_data:
    #entity_id: lock.dorren
state:
  - value: "locked"
    color: green
  - value: "unlocked"
    color: red
